
Microsoft Visual Studio Solution File, Format Version 12.00
# Visual Studio Version 16
VisualStudioVersion = 16.0.31005.135
MinimumVisualStudioVersion = 10.0.40219.1
Project("{FAE04EC0-301F-11D3-BF4B-00C04F79EFBC}") = "boolfuc", "boolfuc\boolfuc.csproj", "{F48E7005-3E49-42F0-A8A1-5C4BD9810BD1}"
EndProject
Project("{FAE04EC0-301F-11D3-BF4B-00C04F79EFBC}") = "test-boolfuc", "test-boolfuc\test-boolfuc.csproj", "{059EAF57-377B-46E1-A823-A8E0DFD4282C}"
EndProject
Global
	GlobalSection(SolutionConfigurationPlatforms) = preSolution
		Debug|Any CPU = Debug|Any CPU
		Release|Any CPU = Release|Any CPU
	EndGlobalSection
	GlobalSection(ProjectConfigurationPlatforms) = postSolution
		{F48E7005-3E49-42F0-A8A1-5C4BD9810BD1}.Debug|Any CPU.ActiveCfg = Debug|Any CPU
		{F48E7005-3E49-42F0-A8A1-5C4BD9810BD1}.Debug|Any CPU.Build.0 = Debug|Any CPU
		{F48E7005-3E49-42F0-A8A1-5C4BD9810BD1}.Release|Any CPU.ActiveCfg = Release|Any CPU
		{F48E7005-3E49-42F0-A8A1-5C4BD9810BD1}.Release|Any CPU.Build.0 = Release|Any CPU
		{059EAF57-377B-46E1-A823-A8E0DFD4282C}.Debug|Any CPU.ActiveCfg = Debug|Any CPU
		{059EAF57-377B-46E1-A823-A8E0DFD4282C}.Debug|Any CPU.Build.0 = Debug|Any CPU
		{059EAF57-377B-46E1-A823-A8E0DFD4282C}.Release|Any CPU.ActiveCfg = Release|Any CPU
		{059EAF57-377B-46E1-A823-A8E0DFD4282C}.Release|Any CPU.Build.0 = Release|Any CPU
	EndGlobalSection
	GlobalSection(SolutionProperties) = preSolution
		HideSolutionNode = FALSE
	EndGlobalSection
	GlobalSection(ExtensibilityGlobals) = postSolution
		SolutionGuid = {D2D497A4-035D-43E1-9F08-F24F293885D7}
	EndGlobalSection
EndGlobal
